# This file is autogenerated, do not edit; changes may be undone by the next 'dep ensure'.


[[projects]]
  digest = "1:57689550840d285f2da9e85356a66e626592a8b6f1170d7f2482438e64fe82e3"
  name = "github.com/miekg/dns"
  packages = ["."]
  pruneopts = "UT"
  revision = "d74956db7b5b20451796774572d0f5a0222e377a"
  version = "v1.0.13"

[[projects]]
  branch = "master"
  digest = "1:d5891c5bca9c62e5d394ca26491d2b710a1dc08cedeb0ca8f9ac4c3305120b02"
  name = "golang.org/x/crypto"
  packages = [
    "ed25519",
    "ed25519/internal/edwards25519",
  ]
  pruneopts = "UT"
  revision = "7c1a557ab941a71c619514f229f0b27ccb0c27cf"

[[projects]]
  branch = "master"
  digest = "1:40a3cfcb660b2f6354f669eb8cbea46b5a308b42f349782147301ab66fb57184"
  name = "golang.org/x/net"
  packages = [
    "bpf",
    "internal/iana",
    "internal/socket",
    "ipv4",
    "ipv6",
  ]
  pruneopts = "UT"
  revision = "49bb7cea24b1df9410e1712aa6433dae904ff66a"

[[projects]]
  branch = "master"
  digest = "1:0a40b0bdd57a93e741d8557465be3a2edeec408e9b6399586ad65bbe8e355796"
  name = "golang.org/x/sys"
  packages = ["unix"]
  pruneopts = "UT"
  revision = "fa43e7bc11baaae89f3f902b2b4d832b68234844"

[solve-meta]
  analyzer-name = "dep"
  analyzer-version = 1
  input-imports = ["github.com/miekg/dns"]
  solver-name = "gps-cdcl"
  solver-version = 1
