# This file is autogenerated, do not edit; changes may be undone by the next 'dep ensure'.


[[projects]]
  digest = "1:b39aee4261f1ae13fdd21a0db189e0bba0f96c0f2eba77ab278428e2d3b00052"
  name = "github.com/miekg/dns"
  packages = ["."]
  pruneopts = "UT"
  revision = "f4db2ca6edc3af0ee51bf332099cc480bcf3ef9d"
  version = "v1.0.10"

[[projects]]
  branch = "master"
  digest = "1:d5891c5bca9c62e5d394ca26491d2b710a1dc08cedeb0ca8f9ac4c3305120b02"
  name = "golang.org/x/crypto"
  packages = [
    "ed25519",
    "ed25519/internal/edwards25519",
  ]
  pruneopts = "UT"
  revision = "182538f80094b6a8efaade63a8fd8e0d9d5843dd"

[[projects]]
  branch = "master"
  digest = "1:7679523acab7ab7d18ac9e00b46991470a212a1e3dc653027db8f331b02397a2"
  name = "golang.org/x/net"
  packages = [
    "bpf",
    "internal/iana",
    "internal/socket",
    "ipv4",
    "ipv6",
  ]
  pruneopts = "UT"
  revision = "8a410e7b638dca158bf9e766925842f6651ff828"

[[projects]]
  branch = "master"
  digest = "1:6c54cefa33de85c47075aae30f1d1a333967c405272010bb76aa943467e4cbae"
  name = "golang.org/x/sys"
  packages = ["unix"]
  pruneopts = "UT"
  revision = "d47a0f3392421c5624713c9a19fe781f651f8a50"

[solve-meta]
  analyzer-name = "dep"
  analyzer-version = 1
  input-imports = ["github.com/miekg/dns"]
  solver-name = "gps-cdcl"
  solver-version = 1
